
Microsoft Visual Studio Solution File, Format Version 12.00
# Visual Studio Version 16
VisualStudioVersion = 16.0.29318.209
MinimumVisualStudioVersion = 10.0.40219.1
Project("{FAE04EC0-301F-11D3-BF4B-00C04F79EFBC}") = "gr681shiacurs", "gr681shiacurs\gr681shiacurs.csproj", "{2240E161-2C48-48C4-86CB-B1AE50173C53}"
EndProject
Global
	GlobalSection(SolutionConfigurationPlatforms) = preSolution
		Debug|Any CPU = Debug|Any CPU
		Release|Any CPU = Release|Any CPU
	EndGlobalSection
	GlobalSection(ProjectConfigurationPlatforms) = postSolution
		{2240E161-2C48-48C4-86CB-B1AE50173C53}.Debug|Any CPU.ActiveCfg = Debug|Any CPU
		{2240E161-2C48-48C4-86CB-B1AE50173C53}.Debug|Any CPU.Build.0 = Debug|Any CPU
		{2240E161-2C48-48C4-86CB-B1AE50173C53}.Release|Any CPU.ActiveCfg = Release|Any CPU
		{2240E161-2C48-48C4-86CB-B1AE50173C53}.Release|Any CPU.Build.0 = Release|Any CPU
	EndGlobalSection
	GlobalSection(SolutionProperties) = preSolution
		HideSolutionNode = FALSE
	EndGlobalSection
	GlobalSection(ExtensibilityGlobals) = postSolution
		SolutionGuid = {C7752453-3C2E-4610-B67A-6B08605DB6E0}
	EndGlobalSection
EndGlobal
